
Microsoft Visual Studio Solution File, Format Version 12.00
# Visual Studio Version 17
VisualStudioVersion = 17.13.35919.96
MinimumVisualStudioVersion = 10.0.40219.1
Project("{FAE04EC0-301F-11D3-BF4B-00C04F79EFBC}") = "SoniyaQuickComAPI", "SoniyaQuickComAPI.csproj", "{6479684C-98E7-4FDA-866D-CE8497A464AA}"
EndProject
Project("{FAE04EC0-301F-11D3-BF4B-00C04F79EFBC}") = "QuickCom.BussinessLayer", "..\QuickCom.BussinessLayer\QuickCom.BussinessLayer.csproj", "{40F0B4BA-CCDA-43CE-8D38-0485B2B887DC}"
EndProject
Project("{FAE04EC0-301F-11D3-BF4B-00C04F79EFBC}") = "Entity.DBLayer", "..\Entity.DBLayer\Entity.DBLayer.csproj", "{189B7659-211F-4144-8CE5-25EA5A046DAC}"
EndProject
Global
	GlobalSection(SolutionConfigurationPlatforms) = preSolution
		Debug|Any CPU = Debug|Any CPU
		Release|Any CPU = Release|Any CPU
	EndGlobalSection
	GlobalSection(ProjectConfigurationPlatforms) = postSolution
		{6479684C-98E7-4FDA-866D-CE8497A464AA}.Debug|Any CPU.ActiveCfg = Debug|Any CPU
		{6479684C-98E7-4FDA-866D-CE8497A464AA}.Debug|Any CPU.Build.0 = Debug|Any CPU
		{6479684C-98E7-4FDA-866D-CE8497A464AA}.Release|Any CPU.ActiveCfg = Release|Any CPU
		{6479684C-98E7-4FDA-866D-CE8497A464AA}.Release|Any CPU.Build.0 = Release|Any CPU
		{40F0B4BA-CCDA-43CE-8D38-0485B2B887DC}.Debug|Any CPU.ActiveCfg = Debug|Any CPU
		{40F0B4BA-CCDA-43CE-8D38-0485B2B887DC}.Debug|Any CPU.Build.0 = Debug|Any CPU
		{40F0B4BA-CCDA-43CE-8D38-0485B2B887DC}.Release|Any CPU.ActiveCfg = Release|Any CPU
		{40F0B4BA-CCDA-43CE-8D38-0485B2B887DC}.Release|Any CPU.Build.0 = Release|Any CPU
		{189B7659-211F-4144-8CE5-25EA5A046DAC}.Debug|Any CPU.ActiveCfg = Debug|Any CPU
		{189B7659-211F-4144-8CE5-25EA5A046DAC}.Debug|Any CPU.Build.0 = Debug|Any CPU
		{189B7659-211F-4144-8CE5-25EA5A046DAC}.Release|Any CPU.ActiveCfg = Release|Any CPU
		{189B7659-211F-4144-8CE5-25EA5A046DAC}.Release|Any CPU.Build.0 = Release|Any CPU
	EndGlobalSection
	GlobalSection(SolutionProperties) = preSolution
		HideSolutionNode = FALSE
	EndGlobalSection
	GlobalSection(ExtensibilityGlobals) = postSolution
		SolutionGuid = {A8D2E4F0-02F4-4CD0-80BA-BCC632F5B1C9}
	EndGlobalSection
EndGlobal
